{
  "name": "sonatype-api",
  "version": "1.0.0",
  "lockfileVersion": 1,
  "requires": true,
  "dependencies": {
    "ansi-regex": {
      "version": "5.0.0",
      "resolved": "http://localhost:8081/repository/npm-proxy/ansi-regex/-/ansi-regex-5.0.0.tgz",
      "integrity": "sha512-bY6fj56OUQ0hU1KjFNDQuJFezqKdrAyFdIevADiqrWHwSlbmBNMHp5ak2f40Pm8JTFyM2mqxkG6ngkHO11f/lg=="
    },
    "ansi-styles": {
      "version": "4.3.0",
      "resolved": "http://localhost:8081/repository/npm-proxy/ansi-styles/-/ansi-styles-4.3.0.tgz",
      "integrity": "sha512-zbB9rCJAT1rbjiVDb2hqKFHNYLxgtk8NURxZ3IZwD3F6NtxbXZQCnnSi1Lkx+IDohdPlFp222wVALIheZJQSEg==",
      "requires": {
        "color-convert": "^2.0.1"
      }
    },
    "asynckit": {
      "version": "0.4.0",
      "resolved": "http://localhost:8081/repository/npm-proxy/asynckit/-/asynckit-0.4.0.tgz",
      "integrity": "sha1-x57Zf380y48robyXkLzDZkdLS3k="
    },
    "cliui": {
      "version": "7.0.4",
      "resolved": "http://localhost:8081/repository/npm-proxy/cliui/-/cliui-7.0.4.tgz",
      "integrity": "sha512-OcRE68cOsVMXp1Yvonl/fzkQOyjLSu/8bhPDfQt0e0/Eb283TKP20Fs2MqoPsr9SwA595rRCA+QMzYc9nBP+JQ==",
      "requires": {
        "string-width": "^4.2.0",
        "strip-ansi": "^6.0.0",
        "wrap-ansi": "^7.0.0"
      }
    },
    "color-convert": {
      "version": "2.0.1",
      "resolved": "http://localhost:8081/repository/npm-proxy/color-convert/-/color-convert-2.0.1.tgz",
      "integrity": "sha512-RRECPsj7iu/xb5oKYcsFHSppFNnsj/52OVTRKb4zP5onXwVF3zVmmToNcOfGC+CRDpfK/U584fMg38ZHCaElKQ==",
      "requires": {
        "color-name": "~1.1.4"
      }
    },
    "color-name": {
      "version": "1.1.4",
      "resolved": "http://localhost:8081/repository/npm-proxy/color-name/-/color-name-1.1.4.tgz",
      "integrity": "sha512-dOy+3AuW3a2wNbZHIuMZpTcgjGuLU/uBL/ubcZF9OXbDo8ff4O8yVp5Bf0efS8uEoYo5q4Fx7dY9OgQGXgAsQA=="
    },
    "combined-stream": {
      "version": "1.0.8",
      "resolved": "http://localhost:8081/repository/npm-proxy/combined-stream/-/combined-stream-1.0.8.tgz",
      "integrity": "sha512-FQN4MRfuJeHf7cBbBMJFXhKSDq+2kAArBlmRBvcvFE5BB1HZKXtSFASDhdlz9zOYwxh8lDdnvmMOe/+5cdoEdg==",
      "requires": {
        "delayed-stream": "~1.0.0"
      }
    },
    "cookiejar": {
      "version": "2.1.2",
      "resolved": "http://localhost:8081/repository/npm-proxy/cookiejar/-/cookiejar-2.1.2.tgz",
      "integrity": "sha512-Mw+adcfzPxcPeI+0WlvRrr/3lGVO0bD75SxX6811cxSh1Wbxx7xZBGK1eVtDf6si8rg2lhnUjsVLMFMfbRIuwA=="
    },
    "deep-is": {
      "version": "0.1.3",
      "resolved": "http://localhost:8081/repository/npm-proxy/deep-is/-/deep-is-0.1.3.tgz",
      "integrity": "sha1-s2nW+128E+7PUk+RsHD+7cNXzzQ="
    },
    "delayed-stream": {
      "version": "1.0.0",
      "resolved": "http://localhost:8081/repository/npm-proxy/delayed-stream/-/delayed-stream-1.0.0.tgz",
      "integrity": "sha1-3zrhmayt+31ECqrgsp4icrJOxhk="
    },
    "emoji-regex": {
      "version": "8.0.0",
      "resolved": "http://localhost:8081/repository/npm-proxy/emoji-regex/-/emoji-regex-8.0.0.tgz",
      "integrity": "sha512-MSjYzcWNOA0ewAHpz0MxpYFvwg6yjy1NG3xteoqz644VCo/RPgnr1/GGt+ic3iJTzQ8Eu3TdM14SawnVUmGE6A=="
    },
    "escalade": {
      "version": "3.1.1",
      "resolved": "http://localhost:8081/repository/npm-proxy/escalade/-/escalade-3.1.1.tgz",
      "integrity": "sha512-k0er2gUkLf8O0zKJiAhmkTnJlTvINGv7ygDNPbeIsX/TJjGJZHuh9B2UxbsaEkmlEo9MfhrSzmhIlhRlI2GXnw=="
    },
    "escodegen": {
      "version": "1.11.1",
      "resolved": "http://localhost:8081/repository/npm-proxy/escodegen/-/escodegen-1.11.1.tgz",
      "integrity": "sha512-JwiqFD9KdGVVpeuRa68yU3zZnBEOcPs0nKW7wZzXky8Z7tffdYUHbe11bPCV5jYlK6DVdKLWLm0f5I/QlL0Kmw==",
      "requires": {
        "esprima": "^3.1.3",
        "estraverse": "^4.2.0",
        "esutils": "^2.0.2",
        "optionator": "^0.8.1",
        "source-map": "~0.6.1"
      },
      "dependencies": {
        "esprima": {
          "version": "3.1.3",
          "resolved": "http://localhost:8081/repository/npm-proxy/esprima/-/esprima-3.1.3.tgz",
          "integrity": "sha1-/cpRzuYTOJXjyI1TXOSdv/YqRjM="
        }
      }
    },
    "esprima": {
      "version": "1.2.2",
      "resolved": "http://localhost:8081/repository/npm-proxy/esprima/-/esprima-1.2.2.tgz",
      "integrity": "sha1-dqD9Zvz+FU/SkmZ9wmQBl1CxZXs="
    },
    "estraverse": {
      "version": "4.2.0",
      "resolved": "http://localhost:8081/repository/npm-proxy/estraverse/-/estraverse-4.2.0.tgz",
      "integrity": "sha1-De4/7TH81GlhjOc0IJn8GvoL2xM="
    },
    "esutils": {
      "version": "2.0.2",
      "resolved": "http://localhost:8081/repository/npm-proxy/esutils/-/esutils-2.0.2.tgz",
      "integrity": "sha1-Cr9PHKpbyx96nYrMbepPqqBLrJs="
    },
    "fast-levenshtein": {
      "version": "2.0.6",
      "resolved": "http://localhost:8081/repository/npm-proxy/fast-levenshtein/-/fast-levenshtein-2.0.6.tgz",
      "integrity": "sha1-PYpcZog6FqMMqGQ+hR8Zuqd5eRc="
    },
    "fast-safe-stringify": {
      "version": "2.0.7",
      "resolved": "http://localhost:8081/repository/npm-proxy/fast-safe-stringify/-/fast-safe-stringify-2.0.7.tgz",
      "integrity": "sha512-Utm6CdzT+6xsDk2m8S6uL8VHxNwI6Jub+e9NYTcAms28T84pTa25GJQV9j0CY0N1rM8hK4x6grpF2BQf+2qwVA=="
    },
    "form-data": {
      "version": "3.0.0",
      "resolved": "http://localhost:8081/repository/npm-proxy/form-data/-/form-data-3.0.0.tgz",
      "integrity": "sha512-CKMFDglpbMi6PyN+brwB9Q/GOw0eAnsrEZDgcsH5Krhz5Od/haKHAX0NmQfha2zPPz0JpWzA7GJHGSnvCRLWsg==",
      "requires": {
        "asynckit": "^0.4.0",
        "combined-stream": "^1.0.8",
        "mime-types": "^2.1.12"
      }
    },
    "formidable": {
      "version": "1.2.2",
      "resolved": "http://localhost:8081/repository/npm-proxy/formidable/-/formidable-1.2.2.tgz",
      "integrity": "sha512-V8gLm+41I/8kguQ4/o1D3RIHRmhYFG4pnNyonvua+40rqcEmT4+V71yaZ3B457xbbgCsCfjSPi65u/W6vK1U5Q=="
    },
    "get-caller-file": {
      "version": "2.0.5",
      "resolved": "http://localhost:8081/repository/npm-proxy/get-caller-file/-/get-caller-file-2.0.5.tgz",
      "integrity": "sha512-DyFP3BM/3YHTQOCUL/w0OZHR0lpKeGrxotcHWcqNEdnltqFwXVfhEBQ94eIo34AfQpo0rGki4cyIiftY06h2Fg=="
    },
    "inherits": {
      "version": "2.0.4",
      "resolved": "http://localhost:8081/repository/npm-proxy/inherits/-/inherits-2.0.4.tgz",
      "integrity": "sha512-k/vGaX4/Yla3WzyMCvTQOXYeIHvqOKtnqBduzTHpzpQZzAskKMhZ2K+EnBiSM9zGSoIFeMpXKxa4dYeZIQqewQ=="
    },
    "jsonpath": {
      "version": "1.0.2",
      "resolved": "http://localhost:8081/repository/npm-proxy/jsonpath/-/jsonpath-1.0.2.tgz",
      "integrity": "sha512-rmzlgFZiQPc6q4HDyK8s9Qb4oxBnI5sF61y/Co5PV0lc3q2bIuRsNdueVbhoSHdKM4fxeimphOAtfz47yjCfeA==",
      "requires": {
        "esprima": "1.2.2",
        "static-eval": "2.0.2",
        "underscore": "1.7.0"
      }
    },
    "levn": {
      "version": "0.3.0",
      "resolved": "http://localhost:8081/repository/npm-proxy/levn/-/levn-0.3.0.tgz",
      "integrity": "sha1-OwmSTt+fCDwEkP3UwLxEIeBHZO4=",
      "requires": {
        "prelude-ls": "~1.1.2",
        "type-check": "~0.3.2"
      }
    },
    "methods": {
      "version": "1.1.2",
      "resolved": "http://localhost:8081/repository/npm-proxy/methods/-/methods-1.1.2.tgz",
      "integrity": "sha1-VSmk1nZUE07cxSZmVoNbD4Ua/O4="
    },
    "mime": {
      "version": "2.4.6",
      "resolved": "http://localhost:8081/repository/npm-proxy/mime/-/mime-2.4.6.tgz",
      "integrity": "sha512-RZKhC3EmpBchfTGBVb8fb+RL2cWyw/32lshnsETttkBAyAUXSGHxbEJWWRXc751DrIxG1q04b8QwMbAwkRPpUA=="
    },
    "mime-db": {
      "version": "1.44.0",
      "resolved": "http://localhost:8081/repository/npm-proxy/mime-db/-/mime-db-1.44.0.tgz",
      "integrity": "sha512-/NOTfLrsPBVeH7YtFPgsVWveuL+4SjjYxaQ1xtM1KMFj7HdxlBlxeyNLzhyJVx7r4rZGJAZ/6lkKCitSc/Nmpg=="
    },
    "mime-types": {
      "version": "2.1.27",
      "resolved": "http://localhost:8081/repository/npm-proxy/mime-types/-/mime-types-2.1.27.tgz",
      "integrity": "sha512-JIhqnCasI9yD+SsmkquHBxTSEuZdQX5BuQnS2Vc7puQQQ+8yiP5AY5uWhpdv4YL4VM5c6iliiYWPgJ/nJQLp7w==",
      "requires": {
        "mime-db": "1.44.0"
      }
    },
    "optionator": {
      "version": "0.8.2",
      "resolved": "http://localhost:8081/repository/npm-proxy/optionator/-/optionator-0.8.2.tgz",
      "integrity": "sha1-NkxeQJ0/TWMB1sC0wFu6UBgK62Q=",
      "requires": {
        "deep-is": "~0.1.3",
        "fast-levenshtein": "~2.0.4",
        "levn": "~0.3.0",
        "prelude-ls": "~1.1.2",
        "type-check": "~0.3.2",
        "wordwrap": "~1.0.0"
      }
    },
    "prelude-ls": {
      "version": "1.1.2",
      "resolved": "http://localhost:8081/repository/npm-proxy/prelude-ls/-/prelude-ls-1.1.2.tgz",
      "integrity": "sha1-IZMqVJ9eUv/ZqCf1cOBL5iqX2lQ="
    },
    "qs": {
      "version": "6.9.4",
      "resolved": "http://localhost:8081/repository/npm-proxy/qs/-/qs-6.9.4.tgz",
      "integrity": "sha512-A1kFqHekCTM7cz0udomYUoYNWjBebHm/5wzU/XqrBRBNWectVH0QIiN+NEcZ0Dte5hvzHwbr8+XQmguPhJ6WdQ=="
    },
    "readable-stream": {
      "version": "3.6.0",
      "resolved": "http://localhost:8081/repository/npm-proxy/readable-stream/-/readable-stream-3.6.0.tgz",
      "integrity": "sha512-BViHy7LKeTz4oNnkcLJ+lVSL6vpiFeX6/d3oSH8zCW7UxP2onchk+vTGB143xuFjHS3deTgkKoXXymXqymiIdA==",
      "requires": {
        "inherits": "^2.0.3",
        "string_decoder": "^1.1.1",
        "util-deprecate": "^1.0.1"
      }
    },
    "require-directory": {
      "version": "2.1.1",
      "resolved": "http://localhost:8081/repository/npm-proxy/require-directory/-/require-directory-2.1.1.tgz",
      "integrity": "sha1-jGStX9MNqxyXbiNE/+f3kqam30I="
    },
    "safe-buffer": {
      "version": "5.2.1",
      "resolved": "http://localhost:8081/repository/npm-proxy/safe-buffer/-/safe-buffer-5.2.1.tgz",
      "integrity": "sha512-rp3So07KcdmmKbGvgaNxQSJr7bGVSVk5S9Eq1F+ppbRo70+YeaDxkw5Dd8NPN+GD6bjnYm2VuPuCXmpuYvmCXQ=="
    },
    "semver": {
      "version": "7.3.2",
      "resolved": "http://localhost:8081/repository/npm-proxy/semver/-/semver-7.3.2.tgz",
      "integrity": "sha512-OrOb32TeeambH6UrhtShmF7CRDqhL6/5XpPNp2DuRH6+9QLw/orhp72j87v8Qa1ScDkvrrBNpZcDejAirJmfXQ=="
    },
    "source-map": {
      "version": "0.6.1",
      "resolved": "http://localhost:8081/repository/npm-proxy/source-map/-/source-map-0.6.1.tgz",
      "integrity": "sha512-UjgapumWlbMhkBgzT7Ykc5YXUT46F0iKu8SGXq0bcwP5dz/h0Plj6enJqjz1Zbq2l5WaqYnrVbwWOWMyF3F47g==",
      "optional": true
    },
    "static-eval": {
      "version": "2.0.2",
      "resolved": "http://localhost:8081/repository/npm-proxy/static-eval/-/static-eval-2.0.2.tgz",
      "integrity": "sha512-N/D219Hcr2bPjLxPiV+TQE++Tsmrady7TqAJugLy7Xk1EumfDWS/f5dtBbkRCGE7wKKXuYockQoj8Rm2/pVKyg==",
      "requires": {
        "escodegen": "^1.8.1"
      }
    },
    "string-width": {
      "version": "4.2.0",
      "resolved": "http://localhost:8081/repository/npm-proxy/string-width/-/string-width-4.2.0.tgz",
      "integrity": "sha512-zUz5JD+tgqtuDjMhwIg5uFVV3dtqZ9yQJlZVfq4I01/K5Paj5UHj7VyrQOJvzawSVlKpObApbfD0Ed6yJc+1eg==",
      "requires": {
        "emoji-regex": "^8.0.0",
        "is-fullwidth-code-point": "^3.0.0",
        "strip-ansi": "^6.0.0"
      },
      "dependencies": {
        "is-fullwidth-code-point": {
          "version": "3.0.0",
          "resolved": "http://localhost:8081/repository/npm-proxy/is-fullwidth-code-point/-/is-fullwidth-code-point-3.0.0.tgz",
          "integrity": "sha512-zymm5+u+sCsSWyD9qNaejV3DFvhCKclKdizYaJUuHA83RLjb7nSuGnddCHGv0hk+KY7BMAlsWeK4Ueg6EV6XQg=="
        }
      }
    },
    "string_decoder": {
      "version": "1.3.0",
      "resolved": "http://localhost:8081/repository/npm-proxy/string_decoder/-/string_decoder-1.3.0.tgz",
      "integrity": "sha512-hkRX8U1WjJFd8LsDJ2yQ/wWWxaopEsABU1XfkM8A+j0+85JAGppt16cr1Whg6KIbb4okU6Mql6BOj+uup/wKeA==",
      "requires": {
        "safe-buffer": "~5.2.0"
      }
    },
    "strip-ansi": {
      "version": "6.0.0",
      "resolved": "http://localhost:8081/repository/npm-proxy/strip-ansi/-/strip-ansi-6.0.0.tgz",
      "integrity": "sha512-AuvKTrTfQNYNIctbR1K/YGTR1756GycPsg7b9bdV9Duqur4gv6aKqHXah67Z8ImS7WEz5QVcOtlfW2rZEugt6w==",
      "requires": {
        "ansi-regex": "^5.0.0"
      }
    },
    "superagent": {
      "version": "6.1.0",
      "resolved": "http://localhost:8081/repository/npm-proxy/superagent/-/superagent-6.1.0.tgz",
      "integrity": "sha512-OUDHEssirmplo3F+1HWKUrUjvnQuA+nZI6i/JJBdXb5eq9IyEQwPyPpqND+SSsxf6TygpBEkUjISVRN4/VOpeg==",
      "requires": {
        "component-emitter": "^1.3.0",
        "cookiejar": "^2.1.2",
        "debug": "^4.1.1",
        "fast-safe-stringify": "^2.0.7",
        "form-data": "^3.0.0",
        "formidable": "^1.2.2",
        "methods": "^1.1.2",
        "mime": "^2.4.6",
        "qs": "^6.9.4",
        "readable-stream": "^3.6.0",
        "semver": "^7.3.2"
      },
      "dependencies": {
        "component-emitter": {
          "version": "1.3.0",
          "resolved": "http://localhost:8081/repository/npm-proxy/component-emitter/-/component-emitter-1.3.0.tgz",
          "integrity": "sha512-Rd3se6QB+sO1TwqZjscQrurpEPIfO0/yYnSin6Q/rD3mOutHvUrCAhJub3r90uNb+SESBuE0QYoB90YdfatsRg=="
        },
        "debug": {
          "version": "4.3.1",
          "resolved": "http://localhost:8081/repository/npm-proxy/debug/-/debug-4.3.1.tgz",
          "integrity": "sha512-doEwdvm4PCeK4K3RQN2ZC2BYUBaxwLARCqZmMjtF8a51J2Rb0xpVloFRnCODwqjpwnAoao4pelN8l3RJdv3gRQ==",
          "requires": {
            "ms": "2.1.2"
          }
        },
        "ms": {
          "version": "2.1.2",
          "resolved": "http://localhost:8081/repository/npm-proxy/ms/-/ms-2.1.2.tgz",
          "integrity": "sha512-sGkPx+VjMtmA6MX27oA4FBFELFCZZ4S4XqeGOXCv68tT+jb3vk/RyaKWP0PTKyWtmLSM0b+adUTEvbs1PEaH2w=="
        }
      }
    },
    "type-check": {
      "version": "0.3.2",
      "resolved": "http://localhost:8081/repository/npm-proxy/type-check/-/type-check-0.3.2.tgz",
      "integrity": "sha1-WITKtRLPHTVeP7eE8wgEsrUg23I=",
      "requires": {
        "prelude-ls": "~1.1.2"
      }
    },
    "underscore": {
      "version": "1.7.0",
      "resolved": "http://localhost:8081/repository/npm-proxy/underscore/-/underscore-1.7.0.tgz",
      "integrity": "sha1-a7rwh3UA02vjTsqlhODbn+8DUgk="
    },
    "util-deprecate": {
      "version": "1.0.2",
      "resolved": "http://localhost:8081/repository/npm-proxy/util-deprecate/-/util-deprecate-1.0.2.tgz",
      "integrity": "sha1-RQ1Nyfpw3nMnYvvS1KKJgUGaDM8="
    },
    "wordwrap": {
      "version": "1.0.0",
      "resolved": "http://localhost:8081/repository/npm-proxy/wordwrap/-/wordwrap-1.0.0.tgz",
      "integrity": "sha1-J1hIEIkUVqQXHI0CJkQa3pDLyus="
    },
    "wrap-ansi": {
      "version": "7.0.0",
      "resolved": "http://localhost:8081/repository/npm-proxy/wrap-ansi/-/wrap-ansi-7.0.0.tgz",
      "integrity": "sha512-YVGIj2kamLSTxw6NsZjoBxfSwsn0ycdesmc4p+Q21c5zPuZ1pl+NfxVdxPtdHvmNVOQ6XSYG4AUtyt/Fi7D16Q==",
      "requires": {
        "ansi-styles": "^4.0.0",
        "string-width": "^4.1.0",
        "strip-ansi": "^6.0.0"
      }
    },
    "y18n": {
      "version": "5.0.5",
      "resolved": "http://localhost:8081/repository/npm-proxy/y18n/-/y18n-5.0.5.tgz",
      "integrity": "sha512-hsRUr4FFrvhhRH12wOdfs38Gy7k2FFzB9qgN9v3aLykRq0dRcdcpz5C9FxdS2NuhOrI/628b/KSTJ3rwHysYSg=="
    },
    "yargs": {
      "version": "16.1.1",
      "resolved": "http://localhost:8081/repository/npm-proxy/yargs/-/yargs-16.1.1.tgz",
      "integrity": "sha512-hAD1RcFP/wfgfxgMVswPE+z3tlPFtxG8/yWUrG2i17sTWGCGqWnxKcLTF4cUKDUK8fzokwsmO9H0TDkRbMHy8w==",
      "requires": {
        "cliui": "^7.0.2",
        "escalade": "^3.1.1",
        "get-caller-file": "^2.0.5",
        "require-directory": "^2.1.1",
        "string-width": "^4.2.0",
        "y18n": "^5.0.5",
        "yargs-parser": "^20.2.2"
      }
    },
    "yargs-parser": {
      "version": "20.2.4",
      "resolved": "http://localhost:8081/repository/npm-proxy/yargs-parser/-/yargs-parser-20.2.4.tgz",
      "integrity": "sha512-WOkpgNhPTlE73h4VFAFsOnomJVaovO8VqLDzy5saChRBFQFBoMYirowyW+Q9HB4HFF4Z7VZTiG3iSzJJA29yRA=="
    }
  }
}
